
Microsoft Visual Studio Solution File, Format Version 12.00
# Visual Studio Version 17
VisualStudioVersion = 17.0.31903.59
MinimumVisualStudioVersion = 10.0.40219.1
Project("{2150E333-8FDC-42A3-9474-1A3956D46DE8}") = "src", "src", "{CF348FDC-F0D1-4FED-87A0-3187235AB950}"
EndProject
Project("{FAE04EC0-301F-11D3-BF4B-00C04F79EFBC}") = "AuctionService", "src\AuctionService\AuctionService.csproj", "{A8B8E719-BC6C-4A62-9EA8-7C42F5A82162}"
EndProject
Project("{FAE04EC0-301F-11D3-BF4B-00C04F79EFBC}") = "SearchService", "src\SearchService\SearchService.csproj", "{CB806CE1-3BE5-40CD-916B-95C8369120DF}"
EndProject
Project("{FAE04EC0-301F-11D3-BF4B-00C04F79EFBC}") = "Contracts", "src\Contracts\Contracts.csproj", "{45712949-B747-4831-9350-0250F0CA6713}"
EndProject
Project("{FAE04EC0-301F-11D3-BF4B-00C04F79EFBC}") = "IdentityService", "src\IdentityService\IdentityService.csproj", "{921DDD81-9B5B-4E93-858F-591E131A5F07}"
EndProject
Project("{FAE04EC0-301F-11D3-BF4B-00C04F79EFBC}") = "GatewayService", "src\GatewayService\GatewayService.csproj", "{284FC667-D2B7-45A6-A7F2-B81F7B8F6BA3}"
EndProject
Project("{FAE04EC0-301F-11D3-BF4B-00C04F79EFBC}") = "BiddingService", "src\BiddingService\BiddingService.csproj", "{93C24D0E-8ED1-42CB-9FBF-C63474446C32}"
EndProject
Global
	GlobalSection(SolutionConfigurationPlatforms) = preSolution
		Debug|Any CPU = Debug|Any CPU
		Release|Any CPU = Release|Any CPU
	EndGlobalSection
	GlobalSection(SolutionProperties) = preSolution
		HideSolutionNode = FALSE
	EndGlobalSection
	GlobalSection(ProjectConfigurationPlatforms) = postSolution
		{A8B8E719-BC6C-4A62-9EA8-7C42F5A82162}.Debug|Any CPU.ActiveCfg = Debug|Any CPU
		{A8B8E719-BC6C-4A62-9EA8-7C42F5A82162}.Debug|Any CPU.Build.0 = Debug|Any CPU
		{A8B8E719-BC6C-4A62-9EA8-7C42F5A82162}.Release|Any CPU.ActiveCfg = Release|Any CPU
		{A8B8E719-BC6C-4A62-9EA8-7C42F5A82162}.Release|Any CPU.Build.0 = Release|Any CPU
		{CB806CE1-3BE5-40CD-916B-95C8369120DF}.Debug|Any CPU.ActiveCfg = Debug|Any CPU
		{CB806CE1-3BE5-40CD-916B-95C8369120DF}.Debug|Any CPU.Build.0 = Debug|Any CPU
		{CB806CE1-3BE5-40CD-916B-95C8369120DF}.Release|Any CPU.ActiveCfg = Release|Any CPU
		{CB806CE1-3BE5-40CD-916B-95C8369120DF}.Release|Any CPU.Build.0 = Release|Any CPU
		{45712949-B747-4831-9350-0250F0CA6713}.Debug|Any CPU.ActiveCfg = Debug|Any CPU
		{45712949-B747-4831-9350-0250F0CA6713}.Debug|Any CPU.Build.0 = Debug|Any CPU
		{45712949-B747-4831-9350-0250F0CA6713}.Release|Any CPU.ActiveCfg = Release|Any CPU
		{45712949-B747-4831-9350-0250F0CA6713}.Release|Any CPU.Build.0 = Release|Any CPU
		{921DDD81-9B5B-4E93-858F-591E131A5F07}.Debug|Any CPU.ActiveCfg = Debug|Any CPU
		{921DDD81-9B5B-4E93-858F-591E131A5F07}.Debug|Any CPU.Build.0 = Debug|Any CPU
		{921DDD81-9B5B-4E93-858F-591E131A5F07}.Release|Any CPU.ActiveCfg = Release|Any CPU
		{921DDD81-9B5B-4E93-858F-591E131A5F07}.Release|Any CPU.Build.0 = Release|Any CPU
		{284FC667-D2B7-45A6-A7F2-B81F7B8F6BA3}.Debug|Any CPU.ActiveCfg = Debug|Any CPU
		{284FC667-D2B7-45A6-A7F2-B81F7B8F6BA3}.Debug|Any CPU.Build.0 = Debug|Any CPU
		{284FC667-D2B7-45A6-A7F2-B81F7B8F6BA3}.Release|Any CPU.ActiveCfg = Release|Any CPU
		{284FC667-D2B7-45A6-A7F2-B81F7B8F6BA3}.Release|Any CPU.Build.0 = Release|Any CPU
		{93C24D0E-8ED1-42CB-9FBF-C63474446C32}.Debug|Any CPU.ActiveCfg = Debug|Any CPU
		{93C24D0E-8ED1-42CB-9FBF-C63474446C32}.Debug|Any CPU.Build.0 = Debug|Any CPU
		{93C24D0E-8ED1-42CB-9FBF-C63474446C32}.Release|Any CPU.ActiveCfg = Release|Any CPU
		{93C24D0E-8ED1-42CB-9FBF-C63474446C32}.Release|Any CPU.Build.0 = Release|Any CPU
	EndGlobalSection
	GlobalSection(NestedProjects) = preSolution
		{A8B8E719-BC6C-4A62-9EA8-7C42F5A82162} = {CF348FDC-F0D1-4FED-87A0-3187235AB950}
		{CB806CE1-3BE5-40CD-916B-95C8369120DF} = {CF348FDC-F0D1-4FED-87A0-3187235AB950}
		{45712949-B747-4831-9350-0250F0CA6713} = {CF348FDC-F0D1-4FED-87A0-3187235AB950}
		{921DDD81-9B5B-4E93-858F-591E131A5F07} = {CF348FDC-F0D1-4FED-87A0-3187235AB950}
		{284FC667-D2B7-45A6-A7F2-B81F7B8F6BA3} = {CF348FDC-F0D1-4FED-87A0-3187235AB950}
		{93C24D0E-8ED1-42CB-9FBF-C63474446C32} = {CF348FDC-F0D1-4FED-87A0-3187235AB950}
	EndGlobalSection
EndGlobal
